
Microsoft Visual Studio Solution File, Format Version 12.00
# Visual Studio Version 17
VisualStudioVersion = 17.3.32929.385
MinimumVisualStudioVersion = 10.0.40219.1
Project("{FAE04EC0-301F-11D3-BF4B-00C04F79EFBC}") = "TidRapporteringSystem", "TidRapporteringSystem.csproj", "{5137C8D2-F909-4524-888D-4E7CE6EFC7E2}"
EndProject
Global
	GlobalSection(SolutionConfigurationPlatforms) = preSolution
		Debug|Any CPU = Debug|Any CPU
		Release|Any CPU = Release|Any CPU
	EndGlobalSection
	GlobalSection(ProjectConfigurationPlatforms) = postSolution
		{5137C8D2-F909-4524-888D-4E7CE6EFC7E2}.Debug|Any CPU.ActiveCfg = Debug|Any CPU
		{5137C8D2-F909-4524-888D-4E7CE6EFC7E2}.Debug|Any CPU.Build.0 = Debug|Any CPU
		{5137C8D2-F909-4524-888D-4E7CE6EFC7E2}.Release|Any CPU.ActiveCfg = Release|Any CPU
		{5137C8D2-F909-4524-888D-4E7CE6EFC7E2}.Release|Any CPU.Build.0 = Release|Any CPU
	EndGlobalSection
	GlobalSection(SolutionProperties) = preSolution
		HideSolutionNode = FALSE
	EndGlobalSection
	GlobalSection(ExtensibilityGlobals) = postSolution
		SolutionGuid = {BC3408A5-9AB8-4103-BDBD-F96EDAD38930}
	EndGlobalSection
EndGlobal
